
Microsoft Visual Studio Solution File, Format Version 12.00
# Visual Studio Version 16
VisualStudioVersion = 16.0.31205.134
MinimumVisualStudioVersion = 10.0.40219.1
Project("{FAE04EC0-301F-11D3-BF4B-00C04F79EFBC}") = "CourseStudentManagement", "CourseStudentManagement\CourseStudentManagement.csproj", "{FA1FD671-BD72-4A58-9531-29365BD00C23}"
EndProject
Global
	GlobalSection(SolutionConfigurationPlatforms) = preSolution
		Debug|Any CPU = Debug|Any CPU
		Release|Any CPU = Release|Any CPU
	EndGlobalSection
	GlobalSection(ProjectConfigurationPlatforms) = postSolution
		{FA1FD671-BD72-4A58-9531-29365BD00C23}.Debug|Any CPU.ActiveCfg = Debug|Any CPU
		{FA1FD671-BD72-4A58-9531-29365BD00C23}.Debug|Any CPU.Build.0 = Debug|Any CPU
		{FA1FD671-BD72-4A58-9531-29365BD00C23}.Release|Any CPU.ActiveCfg = Release|Any CPU
		{FA1FD671-BD72-4A58-9531-29365BD00C23}.Release|Any CPU.Build.0 = Release|Any CPU
	EndGlobalSection
	GlobalSection(SolutionProperties) = preSolution
		HideSolutionNode = FALSE
	EndGlobalSection
	GlobalSection(ExtensibilityGlobals) = postSolution
		SolutionGuid = {0C7553D9-23AB-472C-91D8-E672EDE532F1}
	EndGlobalSection
EndGlobal
